{
  "nodes": {
    "nixpkgs": {
      "locked": {
        "lastModified": 1754511038,
        "narHash": "sha256-fie5dSsWbHKtR1443lYwhUxeVk2dEQrq3L+FKOKPpGk=",
        "owner": "nixos",
        "repo": "nixpkgs",
        "rev": "a66fdcbf442afb2e4c3b8795c73a3c3ded92392a",
        "type": "github"
      },
      "original": {
        "owner": "nixos",
        "repo": "nixpkgs",
        "rev": "a66fdcbf442afb2e4c3b8795c73a3c3ded92392a",
        "type": "github"
      }
    },
    "root": {
      "inputs": {
        "nixpkgs": "nixpkgs"
      }
    }
  },
  "root": "root",
  "version": 7
}
